
Microsoft Visual Studio Solution File, Format Version 12.00
# Visual Studio Version 16
VisualStudioVersion = 16.0.30709.132
MinimumVisualStudioVersion = 10.0.40219.1
Project("{8BC9CEB8-8B4A-11D0-8D11-00A0C91BC942}") = "ParallelAccumulate", "ParallelAccumulate.vcxproj", "{B84CC87F-B685-41A5-A67E-BFFA2AA13FBF}"
EndProject
Global
	GlobalSection(SolutionConfigurationPlatforms) = preSolution
		Debug|x64 = Debug|x64
		Debug|x86 = Debug|x86
		Release|x64 = Release|x64
		Release|x86 = Release|x86
	EndGlobalSection
	GlobalSection(ProjectConfigurationPlatforms) = postSolution
		{B84CC87F-B685-41A5-A67E-BFFA2AA13FBF}.Debug|x64.ActiveCfg = Debug|x64
		{B84CC87F-B685-41A5-A67E-BFFA2AA13FBF}.Debug|x64.Build.0 = Debug|x64
		{B84CC87F-B685-41A5-A67E-BFFA2AA13FBF}.Debug|x86.ActiveCfg = Debug|Win32
		{B84CC87F-B685-41A5-A67E-BFFA2AA13FBF}.Debug|x86.Build.0 = Debug|Win32
		{B84CC87F-B685-41A5-A67E-BFFA2AA13FBF}.Release|x64.ActiveCfg = Release|x64
		{B84CC87F-B685-41A5-A67E-BFFA2AA13FBF}.Release|x64.Build.0 = Release|x64
		{B84CC87F-B685-41A5-A67E-BFFA2AA13FBF}.Release|x86.ActiveCfg = Release|Win32
		{B84CC87F-B685-41A5-A67E-BFFA2AA13FBF}.Release|x86.Build.0 = Release|Win32
	EndGlobalSection
	GlobalSection(SolutionProperties) = preSolution
		HideSolutionNode = FALSE
	EndGlobalSection
	GlobalSection(ExtensibilityGlobals) = postSolution
		SolutionGuid = {3D024B14-4831-4606-AAF7-F7138DC32FDB}
	EndGlobalSection
EndGlobal
